// !$*UTF8*$!
{
	archiveVersion = 1;
	classes = {
	};
	objectVersion = 46;
	objects = {

/* Begin PBXGroup section */
		13E8B3A01B4A49D7000FAD36 = {
			isa = PBXGroup;
			children = (
			);
			sourceTree = "<group>";
		};
/* End PBXGroup section */

/* Begin PBXProject section */
		13E8B3A11B4A49D7000FAD36 /* Project object */ = {
			isa = PBXProject;
			attributes = {
				LastUpgradeCheck = 0640;
			};
			buildConfigurationList = 13E8B3A41B4A49D7000FAD36 /* Build configuration list for PBXProject "RustObjCTests" */;
			compatibilityVersion = "Xcode 3.2";
			developmentRegion = English;
			hasScannedForEncodings = 0;
			knownRegions = (
				en,
			);
			mainGroup = 13E8B3A01B4A49D7000FAD36;
			projectDirPath = "";
			projectRoot = "";
			targets = (
			);
		};
/* End PBXProject section */

/* Begin XCBuildConfiguration section */
		13E8B3A51B4A49D7000FAD36 /* Debug */ = {
			isa = XCBuildConfiguration;
			buildSettings = {
			};
			name = Debug;
		};
		13E8B3A61B4A49D7000FAD36 /* Release */ = {
			isa = XCBuildConfiguration;
			buildSettings = {
			};
			name = Release;
		};
/* End XCBuildConfiguration section */

/* Begin XCConfigurationList section */
		13E8B3A41B4A49D7000FAD36 /* Build configuration list for PBXProject "RustObjCTests" */ = {
			isa = XCConfigurationList;
			buildConfigurations = (
				13E8B3A51B4A49D7000FAD36 /* Debug */,
				13E8B3A61B4A49D7000FAD36 /* Release */,
			);
			defaultConfigurationIsVisible = 0;
			defaultConfigurationName = Release;
		};
/* End XCConfigurationList section */
	};
	rootObject = 13E8B3A11B4A49D7000FAD36 /* Project object */;
}
